
Microsoft Visual Studio Solution File, Format Version 12.00
# Visual Studio 15
VisualStudioVersion = 15.0.27428.2043
MinimumVisualStudioVersion = 10.0.40219.1
Project("{FAE04EC0-301F-11D3-BF4B-00C04F79EFBC}") = "ShopTemplateWebApi", "ShopTemplateWebApi\ShopTemplateWebApi.csproj", "{523FCA42-2CCE-4316-8DB5-57216F44501B}"
EndProject
Project("{FAE04EC0-301F-11D3-BF4B-00C04F79EFBC}") = "ShopTemplateDataLayer", "ShopTemplateDataLayer\ShopTemplateDataLayer.csproj", "{530DCFA1-4F34-48B1-891D-81FFECACE36E}"
EndProject
Global
	GlobalSection(SolutionConfigurationPlatforms) = preSolution
		Debug|Any CPU = Debug|Any CPU
		Release|Any CPU = Release|Any CPU
	EndGlobalSection
	GlobalSection(ProjectConfigurationPlatforms) = postSolution
		{523FCA42-2CCE-4316-8DB5-57216F44501B}.Debug|Any CPU.ActiveCfg = Debug|Any CPU
		{523FCA42-2CCE-4316-8DB5-57216F44501B}.Debug|Any CPU.Build.0 = Debug|Any CPU
		{523FCA42-2CCE-4316-8DB5-57216F44501B}.Release|Any CPU.ActiveCfg = Release|Any CPU
		{523FCA42-2CCE-4316-8DB5-57216F44501B}.Release|Any CPU.Build.0 = Release|Any CPU
		{530DCFA1-4F34-48B1-891D-81FFECACE36E}.Debug|Any CPU.ActiveCfg = Debug|Any CPU
		{530DCFA1-4F34-48B1-891D-81FFECACE36E}.Debug|Any CPU.Build.0 = Debug|Any CPU
		{530DCFA1-4F34-48B1-891D-81FFECACE36E}.Release|Any CPU.ActiveCfg = Release|Any CPU
		{530DCFA1-4F34-48B1-891D-81FFECACE36E}.Release|Any CPU.Build.0 = Release|Any CPU
	EndGlobalSection
	GlobalSection(SolutionProperties) = preSolution
		HideSolutionNode = FALSE
	EndGlobalSection
	GlobalSection(ExtensibilityGlobals) = postSolution
		SolutionGuid = {09B72599-0C28-4A4D-AC73-4345F39D80CA}
	EndGlobalSection
EndGlobal
